
Microsoft Visual Studio Solution File, Format Version 12.00
# Visual Studio Version 16
VisualStudioVersion = 16.0.31702.278
MinimumVisualStudioVersion = 10.0.40219.1
Project("{9A19103F-16F7-4668-BE54-9A1E7A4F7556}") = "LockerEco.LockerManager", "LockerEco.LockerManager\LockerEco.LockerManager.csproj", "{684D517C-D658-4960-AE8A-C2A0FFB9EF1C}"
EndProject
Project("{9A19103F-16F7-4668-BE54-9A1E7A4F7556}") = "LockerEco.EcoMode", "LockerEco.EcoMode\LockerEco.EcoMode.csproj", "{50E8F1BD-4873-40A8-96B3-D3DED1BA4D64}"
EndProject
Project("{9A19103F-16F7-4668-BE54-9A1E7A4F7556}") = "LockerEco.Host", "LockerEco.Host\LockerEco.Host.csproj", "{A0B5AAB5-9048-44A1-A0F2-CE44C398A280}"
EndProject
Project("{FAE04EC0-301F-11D3-BF4B-00C04F79EFBC}") = "LockerEco.EcoMode_uTest", "LockerEco.EcoMode_uTest\LockerEco.EcoMode_uTest.csproj", "{184EE29E-D242-4CD6-ABB1-8558E307150D}"
EndProject
Global
	GlobalSection(SolutionConfigurationPlatforms) = preSolution
		Debug|Any CPU = Debug|Any CPU
		Release|Any CPU = Release|Any CPU
	EndGlobalSection
	GlobalSection(ProjectConfigurationPlatforms) = postSolution
		{684D517C-D658-4960-AE8A-C2A0FFB9EF1C}.Debug|Any CPU.ActiveCfg = Debug|Any CPU
		{684D517C-D658-4960-AE8A-C2A0FFB9EF1C}.Debug|Any CPU.Build.0 = Debug|Any CPU
		{684D517C-D658-4960-AE8A-C2A0FFB9EF1C}.Release|Any CPU.ActiveCfg = Release|Any CPU
		{684D517C-D658-4960-AE8A-C2A0FFB9EF1C}.Release|Any CPU.Build.0 = Release|Any CPU
		{50E8F1BD-4873-40A8-96B3-D3DED1BA4D64}.Debug|Any CPU.ActiveCfg = Debug|Any CPU
		{50E8F1BD-4873-40A8-96B3-D3DED1BA4D64}.Debug|Any CPU.Build.0 = Debug|Any CPU
		{50E8F1BD-4873-40A8-96B3-D3DED1BA4D64}.Release|Any CPU.ActiveCfg = Release|Any CPU
		{50E8F1BD-4873-40A8-96B3-D3DED1BA4D64}.Release|Any CPU.Build.0 = Release|Any CPU
		{A0B5AAB5-9048-44A1-A0F2-CE44C398A280}.Debug|Any CPU.ActiveCfg = Debug|Any CPU
		{A0B5AAB5-9048-44A1-A0F2-CE44C398A280}.Debug|Any CPU.Build.0 = Debug|Any CPU
		{A0B5AAB5-9048-44A1-A0F2-CE44C398A280}.Release|Any CPU.ActiveCfg = Release|Any CPU
		{A0B5AAB5-9048-44A1-A0F2-CE44C398A280}.Release|Any CPU.Build.0 = Release|Any CPU
		{184EE29E-D242-4CD6-ABB1-8558E307150D}.Debug|Any CPU.ActiveCfg = Debug|Any CPU
		{184EE29E-D242-4CD6-ABB1-8558E307150D}.Debug|Any CPU.Build.0 = Debug|Any CPU
		{184EE29E-D242-4CD6-ABB1-8558E307150D}.Release|Any CPU.ActiveCfg = Release|Any CPU
		{184EE29E-D242-4CD6-ABB1-8558E307150D}.Release|Any CPU.Build.0 = Release|Any CPU
	EndGlobalSection
	GlobalSection(SolutionProperties) = preSolution
		HideSolutionNode = FALSE
	EndGlobalSection
	GlobalSection(ExtensibilityGlobals) = postSolution
		SolutionGuid = {41A81000-142C-4043-AA20-0D8CD8E0B47D}
	EndGlobalSection
EndGlobal
