
Microsoft Visual Studio Solution File, Format Version 12.00
# Visual Studio Version 16
VisualStudioVersion = 16.0.31702.278
MinimumVisualStudioVersion = 10.0.40219.1
Project("{FAE04EC0-301F-11D3-BF4B-00C04F79EFBC}") = "LockerEco.LockerManager", "LockerEco.LockerManager\LockerEco.LockerManager.csproj", "{684D517C-D658-4960-AE8A-C2A0FFB9EF1C}"
EndProject
Global
	GlobalSection(SolutionConfigurationPlatforms) = preSolution
		Debug|Any CPU = Debug|Any CPU
		Release|Any CPU = Release|Any CPU
	EndGlobalSection
	GlobalSection(ProjectConfigurationPlatforms) = postSolution
		{684D517C-D658-4960-AE8A-C2A0FFB9EF1C}.Debug|Any CPU.ActiveCfg = Debug|Any CPU
		{684D517C-D658-4960-AE8A-C2A0FFB9EF1C}.Debug|Any CPU.Build.0 = Debug|Any CPU
		{684D517C-D658-4960-AE8A-C2A0FFB9EF1C}.Release|Any CPU.ActiveCfg = Release|Any CPU
		{684D517C-D658-4960-AE8A-C2A0FFB9EF1C}.Release|Any CPU.Build.0 = Release|Any CPU
	EndGlobalSection
	GlobalSection(SolutionProperties) = preSolution
		HideSolutionNode = FALSE
	EndGlobalSection
	GlobalSection(ExtensibilityGlobals) = postSolution
		SolutionGuid = {41A81000-142C-4043-AA20-0D8CD8E0B47D}
	EndGlobalSection
EndGlobal
